
Microsoft Visual Studio Solution File, Format Version 12.00
# Visual Studio Version 17
VisualStudioVersion = 17.5.33530.505
MinimumVisualStudioVersion = 10.0.40219.1
Project("{FAE04EC0-301F-11D3-BF4B-00C04F79EFBC}") = "Example", "Example\Example.csproj", "{D0C5E57E-D80B-4F94-A379-E18B221DC2EA}"
EndProject
Global
	GlobalSection(SolutionConfigurationPlatforms) = preSolution
		Debug|Any CPU = Debug|Any CPU
		Release|Any CPU = Release|Any CPU
	EndGlobalSection
	GlobalSection(ProjectConfigurationPlatforms) = postSolution
		{D0C5E57E-D80B-4F94-A379-E18B221DC2EA}.Debug|Any CPU.ActiveCfg = Debug|Any CPU
		{D0C5E57E-D80B-4F94-A379-E18B221DC2EA}.Debug|Any CPU.Build.0 = Debug|Any CPU
		{D0C5E57E-D80B-4F94-A379-E18B221DC2EA}.Release|Any CPU.ActiveCfg = Release|Any CPU
		{D0C5E57E-D80B-4F94-A379-E18B221DC2EA}.Release|Any CPU.Build.0 = Release|Any CPU
	EndGlobalSection
	GlobalSection(SolutionProperties) = preSolution
		HideSolutionNode = FALSE
	EndGlobalSection
	GlobalSection(ExtensibilityGlobals) = postSolution
		SolutionGuid = {4CBC5BE1-7052-4F64-8B11-AFAA9EAA5A5D}
	EndGlobalSection
EndGlobal
